
Microsoft Visual Studio Solution File, Format Version 12.00
# Visual Studio Version 16
VisualStudioVersion = 16.0.30503.244
MinimumVisualStudioVersion = 10.0.40219.1
Project("{FAE04EC0-301F-11D3-BF4B-00C04F79EFBC}") = "LVAPV02", "LVAPV02.csproj", "{514D39FE-8A0B-4469-83FE-71C201A07EDA}"
EndProject
Project("{FAE04EC0-301F-11D3-BF4B-00C04F79EFBC}") = "LVAPV03", "..\LVAPV03\LVAPV03.csproj", "{6A176FB9-4D8A-4177-97DC-353E659392DF}"
EndProject
Project("{FAE04EC0-301F-11D3-BF4B-00C04F79EFBC}") = "LVAPV04", "..\LVAPV04\LVAPV04.csproj", "{7F61AF10-3F93-4E18-8A11-D551BEAA3642}"
EndProject
Project("{FAE04EC0-301F-11D3-BF4B-00C04F79EFBC}") = "LVAPV05", "..\LVAPV05\LVAPV05.csproj", "{7B68B2FE-6336-4D8E-8408-A80E3CDDE9EC}"
EndProject
Project("{FAE04EC0-301F-11D3-BF4B-00C04F79EFBC}") = "LVAPV06", "..\LVAPV06\LVAPV06.csproj", "{8E1D3B6F-1272-41AA-8490-1DBCC3B949D5}"
EndProject
Global
	GlobalSection(SolutionConfigurationPlatforms) = preSolution
		Debug|Any CPU = Debug|Any CPU
		Release|Any CPU = Release|Any CPU
	EndGlobalSection
	GlobalSection(ProjectConfigurationPlatforms) = postSolution
		{514D39FE-8A0B-4469-83FE-71C201A07EDA}.Debug|Any CPU.ActiveCfg = Debug|Any CPU
		{514D39FE-8A0B-4469-83FE-71C201A07EDA}.Debug|Any CPU.Build.0 = Debug|Any CPU
		{514D39FE-8A0B-4469-83FE-71C201A07EDA}.Release|Any CPU.ActiveCfg = Release|Any CPU
		{514D39FE-8A0B-4469-83FE-71C201A07EDA}.Release|Any CPU.Build.0 = Release|Any CPU
		{6A176FB9-4D8A-4177-97DC-353E659392DF}.Debug|Any CPU.ActiveCfg = Debug|Any CPU
		{6A176FB9-4D8A-4177-97DC-353E659392DF}.Debug|Any CPU.Build.0 = Debug|Any CPU
		{6A176FB9-4D8A-4177-97DC-353E659392DF}.Release|Any CPU.ActiveCfg = Release|Any CPU
		{6A176FB9-4D8A-4177-97DC-353E659392DF}.Release|Any CPU.Build.0 = Release|Any CPU
		{7F61AF10-3F93-4E18-8A11-D551BEAA3642}.Debug|Any CPU.ActiveCfg = Debug|Any CPU
		{7F61AF10-3F93-4E18-8A11-D551BEAA3642}.Debug|Any CPU.Build.0 = Debug|Any CPU
		{7F61AF10-3F93-4E18-8A11-D551BEAA3642}.Release|Any CPU.ActiveCfg = Release|Any CPU
		{7F61AF10-3F93-4E18-8A11-D551BEAA3642}.Release|Any CPU.Build.0 = Release|Any CPU
		{7B68B2FE-6336-4D8E-8408-A80E3CDDE9EC}.Debug|Any CPU.ActiveCfg = Debug|Any CPU
		{7B68B2FE-6336-4D8E-8408-A80E3CDDE9EC}.Debug|Any CPU.Build.0 = Debug|Any CPU
		{7B68B2FE-6336-4D8E-8408-A80E3CDDE9EC}.Release|Any CPU.ActiveCfg = Release|Any CPU
		{7B68B2FE-6336-4D8E-8408-A80E3CDDE9EC}.Release|Any CPU.Build.0 = Release|Any CPU
		{8E1D3B6F-1272-41AA-8490-1DBCC3B949D5}.Debug|Any CPU.ActiveCfg = Debug|Any CPU
		{8E1D3B6F-1272-41AA-8490-1DBCC3B949D5}.Debug|Any CPU.Build.0 = Debug|Any CPU
		{8E1D3B6F-1272-41AA-8490-1DBCC3B949D5}.Release|Any CPU.ActiveCfg = Release|Any CPU
		{8E1D3B6F-1272-41AA-8490-1DBCC3B949D5}.Release|Any CPU.Build.0 = Release|Any CPU
	EndGlobalSection
	GlobalSection(SolutionProperties) = preSolution
		HideSolutionNode = FALSE
	EndGlobalSection
	GlobalSection(ExtensibilityGlobals) = postSolution
		SolutionGuid = {A5AB65A8-73BB-4AC1-949E-9FE0959A60C1}
	EndGlobalSection
EndGlobal
